// !$*UTF8*$!
{
	archiveVersion = 1;
	classes = {
	};
	objectVersion = 50;
	objects = {

/* Begin PBXBuildFile section */
		30AE671F213650A200C9939F /* menuCollectionViewCell.swift in Sources */ = {isa = PBXBuildFile; fileRef = 30AE671E213650A200C9939F /* menuCollectionViewCell.swift */; };
		30FBEEEB212568D5007BF14E /* primer print.ttf in Resources */ = {isa = PBXBuildFile; fileRef = 30FBEEE9212568D5007BF14E /* primer print.ttf */; };
		30FBEEEC212568D5007BF14E /* primer print bold.ttf in Resources */ = {isa = PBXBuildFile; fileRef = 30FBEEEA212568D5007BF14E /* primer print bold.ttf */; };
		5D739C8F213428650069A909 /* deviceNameModel.swift in Sources */ = {isa = PBXBuildFile; fileRef = 5D739C8E213428650069A909 /* deviceNameModel.swift */; };
		5D739C9121351E990069A909 /* shakeGestureModel.swift in Sources */ = {isa = PBXBuildFile; fileRef = 5D739C9021351E990069A909 /* shakeGestureModel.swift */; };
		5DFE9EB1212ED7BE00CB7CAC /* Main.storyboard in Resources */ = {isa = PBXBuildFile; fileRef = 5DFE9EAF212ED7BE00CB7CAC /* Main.storyboard */; };
		AA59DFD1212CFD8F0099C990 /* ChronologyViewController.swift in Sources */ = {isa = PBXBuildFile; fileRef = AA59DFD0212CFD8F0099C990 /* ChronologyViewController.swift */; };
		AA59DFD3212CFDD60099C990 /* ChronologyModel.swift in Sources */ = {isa = PBXBuildFile; fileRef = AA59DFD2212CFDD60099C990 /* ChronologyModel.swift */; };
		AA623F15213313D500420C61 /* CheckpointModel.swift in Sources */ = {isa = PBXBuildFile; fileRef = AA623F14213313D500420C61 /* CheckpointModel.swift */; };
		AA9D43A42134B6FF0010E736 /* Screen.storyboard in Resources */ = {isa = PBXBuildFile; fileRef = AA9D43A32134B6FF0010E736 /* Screen.storyboard */; };
		AA9D43A62134B7490010E736 /* FaceDetectViewController.swift in Sources */ = {isa = PBXBuildFile; fileRef = AA9D43A52134B7490010E736 /* FaceDetectViewController.swift */; };
		AA9D43A821368CF20010E736 /* TransitionViewController.swift in Sources */ = {isa = PBXBuildFile; fileRef = AA9D43A721368CF20010E736 /* TransitionViewController.swift */; };
		AACF26CE2123EE9700ABA4AF /* FaceDetectionClass.swift in Sources */ = {isa = PBXBuildFile; fileRef = AACF26CD2123EE9700ABA4AF /* FaceDetectionClass.swift */; };
		AADA70F42122E4CF00F1B165 /* AppDelegate.swift in Sources */ = {isa = PBXBuildFile; fileRef = AADA70F32122E4CF00F1B165 /* AppDelegate.swift */; };
		AADA70F62122E4CF00F1B165 /* ViewController.swift in Sources */ = {isa = PBXBuildFile; fileRef = AADA70F52122E4CF00F1B165 /* ViewController.swift */; };
		AADA70FC2122E4CF00F1B165 /* Cathy.xcdatamodeld in Sources */ = {isa = PBXBuildFile; fileRef = AADA70FA2122E4CF00F1B165 /* Cathy.xcdatamodeld */; };
		AADA70FE2122E4CF00F1B165 /* Assets.xcassets in Resources */ = {isa = PBXBuildFile; fileRef = AADA70FD2122E4CF00F1B165 /* Assets.xcassets */; };
		AADA71012122E4CF00F1B165 /* LaunchScreen.storyboard in Resources */ = {isa = PBXBuildFile; fileRef = AADA70FF2122E4CF00F1B165 /* LaunchScreen.storyboard */; };
		AAFB72C121300FB700E57247 /* connectApiClass.swift in Sources */ = {isa = PBXBuildFile; fileRef = AAFB72C021300FB700E57247 /* connectApiClass.swift */; };
/* End PBXBuildFile section */

/* Begin PBXFileReference section */
		30AE671E213650A200C9939F /* menuCollectionViewCell.swift */ = {isa = PBXFileReference; lastKnownFileType = sourcecode.swift; path = menuCollectionViewCell.swift; sourceTree = "<group>"; };
		30FBEEE9212568D5007BF14E /* primer print.ttf */ = {isa = PBXFileReference; lastKnownFileType = file; path = "primer print.ttf"; sourceTree = "<group>"; };
		30FBEEEA212568D5007BF14E /* primer print bold.ttf */ = {isa = PBXFileReference; lastKnownFileType = file; path = "primer print bold.ttf"; sourceTree = "<group>"; };
		5D739C8E213428650069A909 /* deviceNameModel.swift */ = {isa = PBXFileReference; lastKnownFileType = sourcecode.swift; path = deviceNameModel.swift; sourceTree = "<group>"; };
		5D739C9021351E990069A909 /* shakeGestureModel.swift */ = {isa = PBXFileReference; lastKnownFileType = sourcecode.swift; path = shakeGestureModel.swift; sourceTree = "<group>"; };
		5DFE9EB0212ED7BE00CB7CAC /* Base */ = {isa = PBXFileReference; lastKnownFileType = file.storyboard; name = Base; path = Base.lproj/Main.storyboard; sourceTree = "<group>"; };
		AA59DFD0212CFD8F0099C990 /* ChronologyViewController.swift */ = {isa = PBXFileReference; lastKnownFileType = sourcecode.swift; path = ChronologyViewController.swift; sourceTree = "<group>"; };
		AA59DFD2212CFDD60099C990 /* ChronologyModel.swift */ = {isa = PBXFileReference; lastKnownFileType = sourcecode.swift; path = ChronologyModel.swift; sourceTree = "<group>"; };
		AA623F14213313D500420C61 /* CheckpointModel.swift */ = {isa = PBXFileReference; lastKnownFileType = sourcecode.swift; path = CheckpointModel.swift; sourceTree = "<group>"; };
		AA9D43A32134B6FF0010E736 /* Screen.storyboard */ = {isa = PBXFileReference; lastKnownFileType = file.storyboard; path = Screen.storyboard; sourceTree = "<group>"; };
		AA9D43A52134B7490010E736 /* FaceDetectViewController.swift */ = {isa = PBXFileReference; lastKnownFileType = sourcecode.swift; path = FaceDetectViewController.swift; sourceTree = "<group>"; };
		AA9D43A721368CF20010E736 /* TransitionViewController.swift */ = {isa = PBXFileReference; lastKnownFileType = sourcecode.swift; path = TransitionViewController.swift; sourceTree = "<group>"; };
		AACF26CD2123EE9700ABA4AF /* FaceDetectionClass.swift */ = {isa = PBXFileReference; lastKnownFileType = sourcecode.swift; path = FaceDetectionClass.swift; sourceTree = "<group>"; };
		AADA70F02122E4CF00F1B165 /* Cathy.app */ = {isa = PBXFileReference; explicitFileType = wrapper.application; includeInIndex = 0; path = Cathy.app; sourceTree = BUILT_PRODUCTS_DIR; };
		AADA70F32122E4CF00F1B165 /* AppDelegate.swift */ = {isa = PBXFileReference; lastKnownFileType = sourcecode.swift; path = AppDelegate.swift; sourceTree = "<group>"; };
		AADA70F52122E4CF00F1B165 /* ViewController.swift */ = {isa = PBXFileReference; lastKnownFileType = sourcecode.swift; path = ViewController.swift; sourceTree = "<group>"; };
		AADA70FB2122E4CF00F1B165 /* Cathy.xcdatamodel */ = {isa = PBXFileReference; lastKnownFileType = wrapper.xcdatamodel; path = Cathy.xcdatamodel; sourceTree = "<group>"; };
		AADA70FD2122E4CF00F1B165 /* Assets.xcassets */ = {isa = PBXFileReference; lastKnownFileType = folder.assetcatalog; path = Assets.xcassets; sourceTree = "<group>"; };
		AADA71002122E4CF00F1B165 /* Base */ = {isa = PBXFileReference; lastKnownFileType = file.storyboard; name = Base; path = Base.lproj/LaunchScreen.storyboard; sourceTree = "<group>"; };
		AADA71022122E4CF00F1B165 /* Info.plist */ = {isa = PBXFileReference; lastKnownFileType = text.plist.xml; path = Info.plist; sourceTree = "<group>"; };
		AAFB72C021300FB700E57247 /* connectApiClass.swift */ = {isa = PBXFileReference; lastKnownFileType = sourcecode.swift; path = connectApiClass.swift; sourceTree = "<group>"; };
/* End PBXFileReference section */

/* Begin PBXFrameworksBuildPhase section */
		AADA70ED2122E4CF00F1B165 /* Frameworks */ = {
			isa = PBXFrameworksBuildPhase;
			buildActionMask = 2147483647;
			files = (
			);
			runOnlyForDeploymentPostprocessing = 0;
		};
/* End PBXFrameworksBuildPhase section */

/* Begin PBXGroup section */
		30FBEEE6212565B4007BF14E /* Fonts */ = {
			isa = PBXGroup;
			children = (
				30FBEEEA212568D5007BF14E /* primer print bold.ttf */,
				30FBEEE9212568D5007BF14E /* primer print.ttf */,
			);
			path = Fonts;
			sourceTree = "<group>";
		};
		5D739C8D2134283D0069A909 /* Punya Terre */ = {
			isa = PBXGroup;
			children = (
				5D739C8E213428650069A909 /* deviceNameModel.swift */,
				5D739C9021351E990069A909 /* shakeGestureModel.swift */,
			);
			path = "Punya Terre";
			sourceTree = "<group>";
		};
		AA59DFCB212CFA880099C990 /* Model */ = {
			isa = PBXGroup;
			children = (
				AA59DFD2212CFDD60099C990 /* ChronologyModel.swift */,
				AA623F14213313D500420C61 /* CheckpointModel.swift */,
			);
			path = Model;
			sourceTree = "<group>";
		};
		AACF26C92123E86100ABA4AF /* Controller */ = {
			isa = PBXGroup;
			children = (
				AADA70F52122E4CF00F1B165 /* ViewController.swift */,
				AA59DFD0212CFD8F0099C990 /* ChronologyViewController.swift */,
				AA9D43A52134B7490010E736 /* FaceDetectViewController.swift */,
				AA9D43A721368CF20010E736 /* TransitionViewController.swift */,
			);
			path = Controller;
			sourceTree = "<group>";
		};
		AACF26CA2123E86D00ABA4AF /* View */ = {
			isa = PBXGroup;
			children = (
				5DFE9EAF212ED7BE00CB7CAC /* Main.storyboard */,
				AADA70FF2122E4CF00F1B165 /* LaunchScreen.storyboard */,
				AA9D43A32134B6FF0010E736 /* Screen.storyboard */,
			);
			path = View;
			sourceTree = "<group>";
		};
		AACF26CB2123E89800ABA4AF /* Support */ = {
			isa = PBXGroup;
			children = (
				30FBEEE6212565B4007BF14E /* Fonts */,
				AADA70FD2122E4CF00F1B165 /* Assets.xcassets */,
				AADA70F32122E4CF00F1B165 /* AppDelegate.swift */,
			);
			path = Support;
			sourceTree = "<group>";
		};
		AACF26CC2123EE4600ABA4AF /* Classes */ = {
			isa = PBXGroup;
			children = (
				AACF26CD2123EE9700ABA4AF /* FaceDetectionClass.swift */,
				AAFB72C021300FB700E57247 /* connectApiClass.swift */,
				30AE671E213650A200C9939F /* menuCollectionViewCell.swift */,
			);
			path = Classes;
			sourceTree = "<group>";
		};
		AADA70E72122E4CF00F1B165 = {
			isa = PBXGroup;
			children = (
				AADA70F22122E4CF00F1B165 /* Cathy */,
				AADA70F12122E4CF00F1B165 /* Products */,
			);
			sourceTree = "<group>";
		};
		AADA70F12122E4CF00F1B165 /* Products */ = {
			isa = PBXGroup;
			children = (
				AADA70F02122E4CF00F1B165 /* Cathy.app */,
			);
			name = Products;
			sourceTree = "<group>";
		};
		AADA70F22122E4CF00F1B165 /* Cathy */ = {
			isa = PBXGroup;
			children = (
				5D739C8D2134283D0069A909 /* Punya Terre */,
				AA59DFCB212CFA880099C990 /* Model */,
				AACF26CC2123EE4600ABA4AF /* Classes */,
				AACF26C92123E86100ABA4AF /* Controller */,
				AACF26CA2123E86D00ABA4AF /* View */,
				AACF26CB2123E89800ABA4AF /* Support */,
				AADA71022122E4CF00F1B165 /* Info.plist */,
				AADA70FA2122E4CF00F1B165 /* Cathy.xcdatamodeld */,
			);
			path = Cathy;
			sourceTree = "<group>";
		};
/* End PBXGroup section */

/* Begin PBXNativeTarget section */
		AADA70EF2122E4CF00F1B165 /* Cathy */ = {
			isa = PBXNativeTarget;
			buildConfigurationList = AADA71052122E4CF00F1B165 /* Build configuration list for PBXNativeTarget "Cathy" */;
			buildPhases = (
				AADA70EC2122E4CF00F1B165 /* Sources */,
				AADA70ED2122E4CF00F1B165 /* Frameworks */,
				AADA70EE2122E4CF00F1B165 /* Resources */,
			);
			buildRules = (
			);
			dependencies = (
			);
			name = Cathy;
			productName = Cathy;
			productReference = AADA70F02122E4CF00F1B165 /* Cathy.app */;
			productType = "com.apple.product-type.application";
		};
/* End PBXNativeTarget section */

/* Begin PBXProject section */
		AADA70E82122E4CF00F1B165 /* Project object */ = {
			isa = PBXProject;
			attributes = {
				LastSwiftUpdateCheck = 0940;
				LastUpgradeCheck = 0940;
				ORGANIZATIONNAME = "Rangga Leo";
				TargetAttributes = {
					AADA70EF2122E4CF00F1B165 = {
						CreatedOnToolsVersion = 9.4.1;
					};
				};
			};
			buildConfigurationList = AADA70EB2122E4CF00F1B165 /* Build configuration list for PBXProject "Cathy" */;
			compatibilityVersion = "Xcode 9.3";
			developmentRegion = en;
			hasScannedForEncodings = 0;
			knownRegions = (
				en,
				Base,
			);
			mainGroup = AADA70E72122E4CF00F1B165;
			productRefGroup = AADA70F12122E4CF00F1B165 /* Products */;
			projectDirPath = "";
			projectRoot = "";
			targets = (
				AADA70EF2122E4CF00F1B165 /* Cathy */,
			);
		};
/* End PBXProject section */

/* Begin PBXResourcesBuildPhase section */
		AADA70EE2122E4CF00F1B165 /* Resources */ = {
			isa = PBXResourcesBuildPhase;
			buildActionMask = 2147483647;
			files = (
				AA9D43A42134B6FF0010E736 /* Screen.storyboard in Resources */,
				30FBEEEB212568D5007BF14E /* primer print.ttf in Resources */,
				5DFE9EB1212ED7BE00CB7CAC /* Main.storyboard in Resources */,
				AADA71012122E4CF00F1B165 /* LaunchScreen.storyboard in Resources */,
				AADA70FE2122E4CF00F1B165 /* Assets.xcassets in Resources */,
				30FBEEEC212568D5007BF14E /* primer print bold.ttf in Resources */,
			);
			runOnlyForDeploymentPostprocessing = 0;
		};
/* End PBXResourcesBuildPhase section */

/* Begin PBXSourcesBuildPhase section */
		AADA70EC2122E4CF00F1B165 /* Sources */ = {
			isa = PBXSourcesBuildPhase;
			buildActionMask = 2147483647;
			files = (
				30AE671F213650A200C9939F /* menuCollectionViewCell.swift in Sources */,
				5D739C8F213428650069A909 /* deviceNameModel.swift in Sources */,
				AADA70F62122E4CF00F1B165 /* ViewController.swift in Sources */,
				5D739C9121351E990069A909 /* shakeGestureModel.swift in Sources */,
				AADA70F42122E4CF00F1B165 /* AppDelegate.swift in Sources */,
				AA9D43A62134B7490010E736 /* FaceDetectViewController.swift in Sources */,
				AAFB72C121300FB700E57247 /* connectApiClass.swift in Sources */,
				AA59DFD1212CFD8F0099C990 /* ChronologyViewController.swift in Sources */,
				AA9D43A821368CF20010E736 /* TransitionViewController.swift in Sources */,
				AA623F15213313D500420C61 /* CheckpointModel.swift in Sources */,
				AA59DFD3212CFDD60099C990 /* ChronologyModel.swift in Sources */,
				AADA70FC2122E4CF00F1B165 /* Cathy.xcdatamodeld in Sources */,
				AACF26CE2123EE9700ABA4AF /* FaceDetectionClass.swift in Sources */,
			);
			runOnlyForDeploymentPostprocessing = 0;
		};
/* End PBXSourcesBuildPhase section */

/* Begin PBXVariantGroup section */
		5DFE9EAF212ED7BE00CB7CAC /* Main.storyboard */ = {
			isa = PBXVariantGroup;
			children = (
				5DFE9EB0212ED7BE00CB7CAC /* Base */,
			);
			name = Main.storyboard;
			sourceTree = "<group>";
		};
		AADA70FF2122E4CF00F1B165 /* LaunchScreen.storyboard */ = {
			isa = PBXVariantGroup;
			children = (
				AADA71002122E4CF00F1B165 /* Base */,
			);
			name = LaunchScreen.storyboard;
			sourceTree = "<group>";
		};
/* End PBXVariantGroup section */

/* Begin XCBuildConfiguration section */
		AADA71032122E4CF00F1B165 /* Debug */ = {
			isa = XCBuildConfiguration;
			buildSettings = {
				ALWAYS_SEARCH_USER_PATHS = NO;
				CLANG_ANALYZER_NONNULL = YES;
				CLANG_ANALYZER_NUMBER_OBJECT_CONVERSION = YES_AGGRESSIVE;
				CLANG_CXX_LANGUAGE_STANDARD = "gnu++14";
				CLANG_CXX_LIBRARY = "libc++";
				CLANG_ENABLE_MODULES = YES;
				CLANG_ENABLE_OBJC_ARC = YES;
				CLANG_ENABLE_OBJC_WEAK = YES;
				CLANG_WARN_BLOCK_CAPTURE_AUTORELEASING = YES;
				CLANG_WARN_BOOL_CONVERSION = YES;
				CLANG_WARN_COMMA = YES;
				CLANG_WARN_CONSTANT_CONVERSION = YES;
				CLANG_WARN_DEPRECATED_OBJC_IMPLEMENTATIONS = YES;
				CLANG_WARN_DIRECT_OBJC_ISA_USAGE = YES_ERROR;
				CLANG_WARN_DOCUMENTATION_COMMENTS = YES;
				CLANG_WARN_EMPTY_BODY = YES;
				CLANG_WARN_ENUM_CONVERSION = YES;
				CLANG_WARN_INFINITE_RECURSION = YES;
				CLANG_WARN_INT_CONVERSION = YES;
				CLANG_WARN_NON_LITERAL_NULL_CONVERSION = YES;
				CLANG_WARN_OBJC_IMPLICIT_RETAIN_SELF = YES;
				CLANG_WARN_OBJC_LITERAL_CONVERSION = YES;
				CLANG_WARN_OBJC_ROOT_CLASS = YES_ERROR;
				CLANG_WARN_RANGE_LOOP_ANALYSIS = YES;
				CLANG_WARN_STRICT_PROTOTYPES = YES;
				CLANG_WARN_SUSPICIOUS_MOVE = YES;
				CLANG_WARN_UNGUARDED_AVAILABILITY = YES_AGGRESSIVE;
				CLANG_WARN_UNREACHABLE_CODE = YES;
				CLANG_WARN__DUPLICATE_METHOD_MATCH = YES;
				CODE_SIGN_IDENTITY = "iPhone Developer";
				COPY_PHASE_STRIP = NO;
				DEBUG_INFORMATION_FORMAT = dwarf;
				ENABLE_STRICT_OBJC_MSGSEND = YES;
				ENABLE_TESTABILITY = YES;
				GCC_C_LANGUAGE_STANDARD = gnu11;
				GCC_DYNAMIC_NO_PIC = NO;
				GCC_NO_COMMON_BLOCKS = YES;
				GCC_OPTIMIZATION_LEVEL = 0;
				GCC_PREPROCESSOR_DEFINITIONS = (
					"DEBUG=1",
					"$(inherited)",
				);
				GCC_WARN_64_TO_32_BIT_CONVERSION = YES;
				GCC_WARN_ABOUT_RETURN_TYPE = YES_ERROR;
				GCC_WARN_UNDECLARED_SELECTOR = YES;
				GCC_WARN_UNINITIALIZED_AUTOS = YES_AGGRESSIVE;
				GCC_WARN_UNUSED_FUNCTION = YES;
				GCC_WARN_UNUSED_VARIABLE = YES;
				IPHONEOS_DEPLOYMENT_TARGET = 11.4;
				MTL_ENABLE_DEBUG_INFO = YES;
				ONLY_ACTIVE_ARCH = YES;
				SDKROOT = iphoneos;
				SWIFT_ACTIVE_COMPILATION_CONDITIONS = DEBUG;
				SWIFT_OPTIMIZATION_LEVEL = "-Onone";
			};
			name = Debug;
		};
		AADA71042122E4CF00F1B165 /* Release */ = {
			isa = XCBuildConfiguration;
			buildSettings = {
				ALWAYS_SEARCH_USER_PATHS = NO;
				CLANG_ANALYZER_NONNULL = YES;
				CLANG_ANALYZER_NUMBER_OBJECT_CONVERSION = YES_AGGRESSIVE;
				CLANG_CXX_LANGUAGE_STANDARD = "gnu++14";
				CLANG_CXX_LIBRARY = "libc++";
				CLANG_ENABLE_MODULES = YES;
				CLANG_ENABLE_OBJC_ARC = YES;
				CLANG_ENABLE_OBJC_WEAK = YES;
				CLANG_WARN_BLOCK_CAPTURE_AUTORELEASING = YES;
				CLANG_WARN_BOOL_CONVERSION = YES;
				CLANG_WARN_COMMA = YES;
				CLANG_WARN_CONSTANT_CONVERSION = YES;
				CLANG_WARN_DEPRECATED_OBJC_IMPLEMENTATIONS = YES;
				CLANG_WARN_DIRECT_OBJC_ISA_USAGE = YES_ERROR;
				CLANG_WARN_DOCUMENTATION_COMMENTS = YES;
				CLANG_WARN_EMPTY_BODY = YES;
				CLANG_WARN_ENUM_CONVERSION = YES;
				CLANG_WARN_INFINITE_RECURSION = YES;
				CLANG_WARN_INT_CONVERSION = YES;
				CLANG_WARN_NON_LITERAL_NULL_CONVERSION = YES;
				CLANG_WARN_OBJC_IMPLICIT_RETAIN_SELF = YES;
				CLANG_WARN_OBJC_LITERAL_CONVERSION = YES;
				CLANG_WARN_OBJC_ROOT_CLASS = YES_ERROR;
				CLANG_WARN_RANGE_LOOP_ANALYSIS = YES;
				CLANG_WARN_STRICT_PROTOTYPES = YES;
				CLANG_WARN_SUSPICIOUS_MOVE = YES;
				CLANG_WARN_UNGUARDED_AVAILABILITY = YES_AGGRESSIVE;
				CLANG_WARN_UNREACHABLE_CODE = YES;
				CLANG_WARN__DUPLICATE_METHOD_MATCH = YES;
				CODE_SIGN_IDENTITY = "iPhone Developer";
				COPY_PHASE_STRIP = NO;
				DEBUG_INFORMATION_FORMAT = "dwarf-with-dsym";
				ENABLE_NS_ASSERTIONS = NO;
				ENABLE_STRICT_OBJC_MSGSEND = YES;
				GCC_C_LANGUAGE_STANDARD = gnu11;
				GCC_NO_COMMON_BLOCKS = YES;
				GCC_WARN_64_TO_32_BIT_CONVERSION = YES;
				GCC_WARN_ABOUT_RETURN_TYPE = YES_ERROR;
				GCC_WARN_UNDECLARED_SELECTOR = YES;
				GCC_WARN_UNINITIALIZED_AUTOS = YES_AGGRESSIVE;
				GCC_WARN_UNUSED_FUNCTION = YES;
				GCC_WARN_UNUSED_VARIABLE = YES;
				IPHONEOS_DEPLOYMENT_TARGET = 11.4;
				MTL_ENABLE_DEBUG_INFO = NO;
				SDKROOT = iphoneos;
				SWIFT_COMPILATION_MODE = wholemodule;
				SWIFT_OPTIMIZATION_LEVEL = "-O";
				VALIDATE_PRODUCT = YES;
			};
			name = Release;
		};
		AADA71062122E4CF00F1B165 /* Debug */ = {
			isa = XCBuildConfiguration;
			buildSettings = {
				ASSETCATALOG_COMPILER_APPICON_NAME = AppIcon;
				CODE_SIGN_STYLE = Automatic;
				DEVELOPMENT_TEAM = 4475UJGNX2;
				INFOPLIST_FILE = Cathy/Info.plist;
				IPHONEOS_DEPLOYMENT_TARGET = 11.3;
				LD_RUNPATH_SEARCH_PATHS = (
					"$(inherited)",
					"@executable_path/Frameworks",
				);
				PRODUCT_BUNDLE_IDENTIFIER = com.ranggaleo.Cathy;
				PRODUCT_NAME = "$(TARGET_NAME)";
				SWIFT_VERSION = 4.0;
				TARGETED_DEVICE_FAMILY = "1,2";
			};
			name = Debug;
		};
		AADA71072122E4CF00F1B165 /* Release */ = {
			isa = XCBuildConfiguration;
			buildSettings = {
				ASSETCATALOG_COMPILER_APPICON_NAME = AppIcon;
				CODE_SIGN_STYLE = Automatic;
				DEVELOPMENT_TEAM = 4475UJGNX2;
				INFOPLIST_FILE = Cathy/Info.plist;
				IPHONEOS_DEPLOYMENT_TARGET = 11.3;
				LD_RUNPATH_SEARCH_PATHS = (
					"$(inherited)",
					"@executable_path/Frameworks",
				);
				PRODUCT_BUNDLE_IDENTIFIER = com.ranggaleo.Cathy;
				PRODUCT_NAME = "$(TARGET_NAME)";
				SWIFT_VERSION = 4.0;
				TARGETED_DEVICE_FAMILY = "1,2";
			};
			name = Release;
		};
/* End XCBuildConfiguration section */

/* Begin XCConfigurationList section */
		AADA70EB2122E4CF00F1B165 /* Build configuration list for PBXProject "Cathy" */ = {
			isa = XCConfigurationList;
			buildConfigurations = (
				AADA71032122E4CF00F1B165 /* Debug */,
				AADA71042122E4CF00F1B165 /* Release */,
			);
			defaultConfigurationIsVisible = 0;
			defaultConfigurationName = Release;
		};
		AADA71052122E4CF00F1B165 /* Build configuration list for PBXNativeTarget "Cathy" */ = {
			isa = XCConfigurationList;
			buildConfigurations = (
				AADA71062122E4CF00F1B165 /* Debug */,
				AADA71072122E4CF00F1B165 /* Release */,
			);
			defaultConfigurationIsVisible = 0;
			defaultConfigurationName = Release;
		};
/* End XCConfigurationList section */

/* Begin XCVersionGroup section */
		AADA70FA2122E4CF00F1B165 /* Cathy.xcdatamodeld */ = {
			isa = XCVersionGroup;
			children = (
				AADA70FB2122E4CF00F1B165 /* Cathy.xcdatamodel */,
			);
			currentVersion = AADA70FB2122E4CF00F1B165 /* Cathy.xcdatamodel */;
			path = Cathy.xcdatamodeld;
			sourceTree = "<group>";
			versionGroupType = wrapper.xcdatamodel;
		};
/* End XCVersionGroup section */
	};
	rootObject = AADA70E82122E4CF00F1B165 /* Project object */;
}
